<?xml version="1.0" encoding="utf-8"?>
<Project ToolsVersion="4.0" xmlns="http://schemas.microsoft.com/developer/msbuild/2003">
  <ItemGroup>
    <Filter Include="Source Files">
      <UniqueIdentifier>{4FC737F1-C7A5-4376-A066-2A32D752A2FF}</UniqueIdentifier>
      <Extensions>cpp;c;cc;cxx;c++;cppm;ixx;def;odl;idl;hpj;bat;asm;asmx</Extensions>
    </Filter>
    <Filter Include="Header Files">
      <UniqueIdentifier>{93995380-89BD-4b04-88EB-625FBE52EBFB}</UniqueIdentifier>
      <Extensions>h;hh;hpp;hxx;h++;hm;inl;inc;ipp;xsd</Extensions>
    </Filter>
    <Filter Include="Header Files\Resource Files">
      <UniqueIdentifier>{67DA6AB6-F800-4c08-8B7A-83BB121AAD01}</UniqueIdentifier>
      <Extensions>rc;ico;cur;bmp;dlg;rc2;rct;bin;rgs;gif;jpg;jpeg;jpe;resx;tiff;tif;png;wav;mfcribbon-ms</Extensions>
    </Filter>
  </ItemGroup>
  <ItemGroup>
    <ClInclude Include="Compilador.h">
      <Filter>Header Files</Filter>
    </ClInclude>
    <ClInclude Include="Resource.h">
      <Filter>Header Files</Filter>
    </ClInclude>
    <ClInclude Include="pch.h">
      <Filter>Header Files</Filter>
    </ClInclude>
    <ClInclude Include="ErrorManager.h">
      <Filter>Header Files</Filter>
    </ClInclude>
    <ClInclude Include="AnalizadorLexico.h">
      <Filter>Header Files</Filter>
    </ClInclude>
    <ClInclude Include="Token.h">
      <Filter>Header Files</Filter>
    </ClInclude>
    <ClInclude Include="LexicState.h">
      <Filter>Header Files</Filter>
    </ClInclude>
    <ClInclude Include="IDState.h">
      <Filter>Header Files</Filter>
    </ClInclude>
    <ClInclude Include="InitState.h">
      <Filter>Header Files</Filter>
    </ClInclude>
    <ClInclude Include="IntegerState.h">
      <Filter>Header Files</Filter>
    </ClInclude>
    <ClInclude Include="FloatState.h">
      <Filter>Header Files</Filter>
    </ClInclude>
    <ClInclude Include="CharState.h">
      <Filter>Header Files</Filter>
    </ClInclude>
    <ClInclude Include="StringState.h">
      <Filter>Header Files</Filter>
    </ClInclude>
    <ClInclude Include="RelationOpState.h">
      <Filter>Header Files</Filter>
    </ClInclude>
    <ClInclude Include="LogicOpState.h">
      <Filter>Header Files</Filter>
    </ClInclude>
    <ClInclude Include="MLCommentState.h">
      <Filter>Header Files</Filter>
    </ClInclude>
  </ItemGroup>
  <ItemGroup>
    <ClCompile Include="Compilador.cpp">
      <Filter>Source Files</Filter>
    </ClCompile>
    <ClCompile Include="AssemblyInfo.cpp">
      <Filter>Source Files</Filter>
    </ClCompile>
    <ClCompile Include="pch.cpp">
      <Filter>Source Files</Filter>
    </ClCompile>
    <ClCompile Include="ErrorManager.cpp">
      <Filter>Source Files</Filter>
    </ClCompile>
    <ClCompile Include="AnalizadorLexico.cpp">
      <Filter>Source Files</Filter>
    </ClCompile>
    <ClCompile Include="Token.cpp">
      <Filter>Source Files</Filter>
    </ClCompile>
    <ClCompile Include="LexicState.cpp">
      <Filter>Source Files</Filter>
    </ClCompile>
    <ClCompile Include="IDState.cpp">
      <Filter>Source Files</Filter>
    </ClCompile>
    <ClCompile Include="InitState.cpp">
      <Filter>Source Files</Filter>
    </ClCompile>
    <ClCompile Include="IntegerState.cpp">
      <Filter>Source Files</Filter>
    </ClCompile>
    <ClCompile Include="FloatState.cpp">
      <Filter>Source Files</Filter>
    </ClCompile>
    <ClCompile Include="CharState.cpp">
      <Filter>Source Files</Filter>
    </ClCompile>
    <ClCompile Include="StringState.cpp">
      <Filter>Source Files</Filter>
    </ClCompile>
    <ClCompile Include="RelationOpState.cpp">
      <Filter>Source Files</Filter>
    </ClCompile>
    <ClCompile Include="LogicOpState.cpp">
      <Filter>Source Files</Filter>
    </ClCompile>
    <ClCompile Include="MLCommentState.cpp">
      <Filter>Source Files</Filter>
    </ClCompile>
  </ItemGroup>
  <ItemGroup>
    <ResourceCompile Include="app.rc">
      <Filter>Header Files\Resource Files</Filter>
    </ResourceCompile>
  </ItemGroup>
  <ItemGroup>
    <Image Include="app.ico">
      <Filter>Header Files\Resource Files</Filter>
    </Image>
  </ItemGroup>
</Project>